// !$*UTF8*$!
{
	archiveVersion = 1;
	classes = {
	};
	objectVersion = 46;
	objects = {

/* Begin PBXBuildFile section */
		1822EB5C19A192C800F85539 /* Foundation.framework in Frameworks */ = {isa = PBXBuildFile; fileRef = 1822EB5B19A192C800F85539 /* Foundation.framework */; };
		1822EB5E19A192C800F85539 /* CoreGraphics.framework in Frameworks */ = {isa = PBXBuildFile; fileRef = 1822EB5D19A192C800F85539 /* CoreGraphics.framework */; };
		1822EB6019A192C800F85539 /* UIKit.framework in Frameworks */ = {isa = PBXBuildFile; fileRef = 1822EB5F19A192C800F85539 /* UIKit.framework */; };
		1822EB6619A192C800F85539 /* InfoPlist.strings in Resources */ = {isa = PBXBuildFile; fileRef = 1822EB6419A192C800F85539 /* InfoPlist.strings */; };
		1822EB6819A192C800F85539 /* main.m in Sources */ = {isa = PBXBuildFile; fileRef = 1822EB6719A192C800F85539 /* main.m */; };
		1822EB6C19A192C800F85539 /* HMAppDelegate.m in Sources */ = {isa = PBXBuildFile; fileRef = 1822EB6B19A192C800F85539 /* HMAppDelegate.m */; };
		1822EB6F19A192C800F85539 /* Main.storyboard in Resources */ = {isa = PBXBuildFile; fileRef = 1822EB6D19A192C800F85539 /* Main.storyboard */; };
		1822EB7219A192C800F85539 /* HMViewController.m in Sources */ = {isa = PBXBuildFile; fileRef = 1822EB7119A192C800F85539 /* HMViewController.m */; };
		1822EB7419A192C800F85539 /* Images.xcassets in Resources */ = {isa = PBXBuildFile; fileRef = 1822EB7319A192C800F85539 /* Images.xcassets */; };
		1822EB7B19A192C800F85539 /* XCTest.framework in Frameworks */ = {isa = PBXBuildFile; fileRef = 1822EB7A19A192C800F85539 /* XCTest.framework */; };
		1822EB7C19A192C800F85539 /* Foundation.framework in Frameworks */ = {isa = PBXBuildFile; fileRef = 1822EB5B19A192C800F85539 /* Foundation.framework */; };
		1822EB7D19A192C800F85539 /* UIKit.framework in Frameworks */ = {isa = PBXBuildFile; fileRef = 1822EB5F19A192C800F85539 /* UIKit.framework */; };
		1822EB8519A192C800F85539 /* InfoPlist.strings in Resources */ = {isa = PBXBuildFile; fileRef = 1822EB8319A192C800F85539 /* InfoPlist.strings */; };
		1822EB8719A192C800F85539 /* _3_____Tests.m in Sources */ = {isa = PBXBuildFile; fileRef = 1822EB8619A192C800F85539 /* _3_____Tests.m */; };
/* End PBXBuildFile section */

/* Begin PBXContainerItemProxy section */
		1822EB7E19A192C800F85539 /* PBXContainerItemProxy */ = {
			isa = PBXContainerItemProxy;
			containerPortal = 1822EB5019A192C800F85539 /* Project object */;
			proxyType = 1;
			remoteGlobalIDString = 1822EB5719A192C800F85539;
			remoteInfo = "03-查看大图";
		};
/* End PBXContainerItemProxy section */

/* Begin PBXFileReference section */
		1822EB5819A192C800F85539 /* 03-查看大图.app */ = {isa = PBXFileReference; explicitFileType = wrapper.application; includeInIndex = 0; path = "03-查看大图.app"; sourceTree = BUILT_PRODUCTS_DIR; };
		1822EB5B19A192C800F85539 /* Foundation.framework */ = {isa = PBXFileReference; lastKnownFileType = wrapper.framework; name = Foundation.framework; path = System/Library/Frameworks/Foundation.framework; sourceTree = SDKROOT; };
		1822EB5D19A192C800F85539 /* CoreGraphics.framework */ = {isa = PBXFileReference; lastKnownFileType = wrapper.framework; name = CoreGraphics.framework; path = System/Library/Frameworks/CoreGraphics.framework; sourceTree = SDKROOT; };
		1822EB5F19A192C800F85539 /* UIKit.framework */ = {isa = PBXFileReference; lastKnownFileType = wrapper.framework; name = UIKit.framework; path = System/Library/Frameworks/UIKit.framework; sourceTree = SDKROOT; };
		1822EB6319A192C800F85539 /* 03-查看大图-Info.plist */ = {isa = PBXFileReference; lastKnownFileType = text.plist.xml; path = "03-查看大图-Info.plist"; sourceTree = "<group>"; };
		1822EB6519A192C800F85539 /* en */ = {isa = PBXFileReference; lastKnownFileType = text.plist.strings; name = en; path = en.lproj/InfoPlist.strings; sourceTree = "<group>"; };
		1822EB6719A192C800F85539 /* main.m */ = {isa = PBXFileReference; lastKnownFileType = sourcecode.c.objc; path = main.m; sourceTree = "<group>"; };
		1822EB6919A192C800F85539 /* 03-查看大图-Prefix.pch */ = {isa = PBXFileReference; lastKnownFileType = sourcecode.c.h; path = "03-查看大图-Prefix.pch"; sourceTree = "<group>"; };
		1822EB6A19A192C800F85539 /* HMAppDelegate.h */ = {isa = PBXFileReference; lastKnownFileType = sourcecode.c.h; path = HMAppDelegate.h; sourceTree = "<group>"; };
		1822EB6B19A192C800F85539 /* HMAppDelegate.m */ = {isa = PBXFileReference; lastKnownFileType = sourcecode.c.objc; path = HMAppDelegate.m; sourceTree = "<group>"; };
		1822EB6E19A192C800F85539 /* Base */ = {isa = PBXFileReference; lastKnownFileType = file.storyboard; name = Base; path = Base.lproj/Main.storyboard; sourceTree = "<group>"; };
		1822EB7019A192C800F85539 /* HMViewController.h */ = {isa = PBXFileReference; lastKnownFileType = sourcecode.c.h; path = HMViewController.h; sourceTree = "<group>"; };
		1822EB7119A192C800F85539 /* HMViewController.m */ = {isa = PBXFileReference; lastKnownFileType = sourcecode.c.objc; path = HMViewController.m; sourceTree = "<group>"; };
		1822EB7319A192C800F85539 /* Images.xcassets */ = {isa = PBXFileReference; lastKnownFileType = folder.assetcatalog; path = Images.xcassets; sourceTree = "<group>"; };
		1822EB7919A192C800F85539 /* 03-查看大图Tests.xctest */ = {isa = PBXFileReference; explicitFileType = wrapper.cfbundle; includeInIndex = 0; path = "03-查看大图Tests.xctest"; sourceTree = BUILT_PRODUCTS_DIR; };
		1822EB7A19A192C800F85539 /* XCTest.framework */ = {isa = PBXFileReference; lastKnownFileType = wrapper.framework; name = XCTest.framework; path = Library/Frameworks/XCTest.framework; sourceTree = DEVELOPER_DIR; };
		1822EB8219A192C800F85539 /* 03-查看大图Tests-Info.plist */ = {isa = PBXFileReference; lastKnownFileType = text.plist.xml; path = "03-查看大图Tests-Info.plist"; sourceTree = "<group>"; };
		1822EB8419A192C800F85539 /* en */ = {isa = PBXFileReference; lastKnownFileType = text.plist.strings; name = en; path = en.lproj/InfoPlist.strings; sourceTree = "<group>"; };
		1822EB8619A192C800F85539 /* _3_____Tests.m */ = {isa = PBXFileReference; lastKnownFileType = sourcecode.c.objc; path = "_3_____Tests.m"; sourceTree = "<group>"; };
		1822EB9019A1985A00F85539 /* Reveal.framework */ = {isa = PBXFileReference; lastKnownFileType = wrapper.framework; path = Reveal.framework; sourceTree = "<group>"; };
/* End PBXFileReference section */

/* Begin PBXFrameworksBuildPhase section */
		1822EB5519A192C800F85539 /* Frameworks */ = {
			isa = PBXFrameworksBuildPhase;
			buildActionMask = 2147483647;
			files = (
				1822EB5E19A192C800F85539 /* CoreGraphics.framework in Frameworks */,
				1822EB6019A192C800F85539 /* UIKit.framework in Frameworks */,
				1822EB5C19A192C800F85539 /* Foundation.framework in Frameworks */,
			);
			runOnlyForDeploymentPostprocessing = 0;
		};
		1822EB7619A192C800F85539 /* Frameworks */ = {
			isa = PBXFrameworksBuildPhase;
			buildActionMask = 2147483647;
			files = (
				1822EB7B19A192C800F85539 /* XCTest.framework in Frameworks */,
				1822EB7D19A192C800F85539 /* UIKit.framework in Frameworks */,
				1822EB7C19A192C800F85539 /* Foundation.framework in Frameworks */,
			);
			runOnlyForDeploymentPostprocessing = 0;
		};
/* End PBXFrameworksBuildPhase section */

/* Begin PBXGroup section */
		1822EB4F19A192C800F85539 = {
			isa = PBXGroup;
			children = (
				1822EB6119A192C800F85539 /* 03-查看大图 */,
				1822EB8019A192C800F85539 /* 03-查看大图Tests */,
				1822EB5A19A192C800F85539 /* Frameworks */,
				1822EB5919A192C800F85539 /* Products */,
			);
			sourceTree = "<group>";
		};
		1822EB5919A192C800F85539 /* Products */ = {
			isa = PBXGroup;
			children = (
				1822EB5819A192C800F85539 /* 03-查看大图.app */,
				1822EB7919A192C800F85539 /* 03-查看大图Tests.xctest */,
			);
			name = Products;
			sourceTree = "<group>";
		};
		1822EB5A19A192C800F85539 /* Frameworks */ = {
			isa = PBXGroup;
			children = (
				1822EB9019A1985A00F85539 /* Reveal.framework */,
				1822EB5B19A192C800F85539 /* Foundation.framework */,
				1822EB5D19A192C800F85539 /* CoreGraphics.framework */,
				1822EB5F19A192C800F85539 /* UIKit.framework */,
				1822EB7A19A192C800F85539 /* XCTest.framework */,
			);
			name = Frameworks;
			sourceTree = "<group>";
		};
		1822EB6119A192C800F85539 /* 03-查看大图 */ = {
			isa = PBXGroup;
			children = (
				1822EB6A19A192C800F85539 /* HMAppDelegate.h */,
				1822EB6B19A192C800F85539 /* HMAppDelegate.m */,
				1822EB6D19A192C800F85539 /* Main.storyboard */,
				1822EB7019A192C800F85539 /* HMViewController.h */,
				1822EB7119A192C800F85539 /* HMViewController.m */,
				1822EB7319A192C800F85539 /* Images.xcassets */,
				1822EB6219A192C800F85539 /* Supporting Files */,
			);
			path = "03-查看大图";
			sourceTree = "<group>";
		};
		1822EB6219A192C800F85539 /* Supporting Files */ = {
			isa = PBXGroup;
			children = (
				1822EB6319A192C800F85539 /* 03-查看大图-Info.plist */,
				1822EB6419A192C800F85539 /* InfoPlist.strings */,
				1822EB6719A192C800F85539 /* main.m */,
				1822EB6919A192C800F85539 /* 03-查看大图-Prefix.pch */,
			);
			name = "Supporting Files";
			sourceTree = "<group>";
		};
		1822EB8019A192C800F85539 /* 03-查看大图Tests */ = {
			isa = PBXGroup;
			children = (
				1822EB8619A192C800F85539 /* _3_____Tests.m */,
				1822EB8119A192C800F85539 /* Supporting Files */,
			);
			path = "03-查看大图Tests";
			sourceTree = "<group>";
		};
		1822EB8119A192C800F85539 /* Supporting Files */ = {
			isa = PBXGroup;
			children = (
				1822EB8219A192C800F85539 /* 03-查看大图Tests-Info.plist */,
				1822EB8319A192C800F85539 /* InfoPlist.strings */,
			);
			name = "Supporting Files";
			sourceTree = "<group>";
		};
/* End PBXGroup section */

/* Begin PBXNativeTarget section */
		1822EB5719A192C800F85539 /* 03-查看大图 */ = {
			isa = PBXNativeTarget;
			buildConfigurationList = 1822EB8A19A192C800F85539 /* Build configuration list for PBXNativeTarget "03-查看大图" */;
			buildPhases = (
				1822EB5419A192C800F85539 /* Sources */,
				1822EB5519A192C800F85539 /* Frameworks */,
				1822EB5619A192C800F85539 /* Resources */,
			);
			buildRules = (
			);
			dependencies = (
			);
			name = "03-查看大图";
			productName = "03-查看大图";
			productReference = 1822EB5819A192C800F85539 /* 03-查看大图.app */;
			productType = "com.apple.product-type.application";
		};
		1822EB7819A192C800F85539 /* 03-查看大图Tests */ = {
			isa = PBXNativeTarget;
			buildConfigurationList = 1822EB8D19A192C800F85539 /* Build configuration list for PBXNativeTarget "03-查看大图Tests" */;
			buildPhases = (
				1822EB7519A192C800F85539 /* Sources */,
				1822EB7619A192C800F85539 /* Frameworks */,
				1822EB7719A192C800F85539 /* Resources */,
			);
			buildRules = (
			);
			dependencies = (
				1822EB7F19A192C800F85539 /* PBXTargetDependency */,
			);
			name = "03-查看大图Tests";
			productName = "03-查看大图Tests";
			productReference = 1822EB7919A192C800F85539 /* 03-查看大图Tests.xctest */;
			productType = "com.apple.product-type.bundle.unit-test";
		};
/* End PBXNativeTarget section */

/* Begin PBXProject section */
		1822EB5019A192C800F85539 /* Project object */ = {
			isa = PBXProject;
			attributes = {
				CLASSPREFIX = HM;
				LastUpgradeCheck = 0510;
				ORGANIZATIONNAME = itcast;
				TargetAttributes = {
					1822EB7819A192C800F85539 = {
						TestTargetID = 1822EB5719A192C800F85539;
					};
				};
			};
			buildConfigurationList = 1822EB5319A192C800F85539 /* Build configuration list for PBXProject "03-查看大图" */;
			compatibilityVersion = "Xcode 3.2";
			developmentRegion = English;
			hasScannedForEncodings = 0;
			knownRegions = (
				en,
				Base,
			);
			mainGroup = 1822EB4F19A192C800F85539;
			productRefGroup = 1822EB5919A192C800F85539 /* Products */;
			projectDirPath = "";
			projectRoot = "";
			targets = (
				1822EB5719A192C800F85539 /* 03-查看大图 */,
				1822EB7819A192C800F85539 /* 03-查看大图Tests */,
			);
		};
/* End PBXProject section */

/* Begin PBXResourcesBuildPhase section */
		1822EB5619A192C800F85539 /* Resources */ = {
			isa = PBXResourcesBuildPhase;
			buildActionMask = 2147483647;
			files = (
				1822EB7419A192C800F85539 /* Images.xcassets in Resources */,
				1822EB6619A192C800F85539 /* InfoPlist.strings in Resources */,
				1822EB6F19A192C800F85539 /* Main.storyboard in Resources */,
			);
			runOnlyForDeploymentPostprocessing = 0;
		};
		1822EB7719A192C800F85539 /* Resources */ = {
			isa = PBXResourcesBuildPhase;
			buildActionMask = 2147483647;
			files = (
				1822EB8519A192C800F85539 /* InfoPlist.strings in Resources */,
			);
			runOnlyForDeploymentPostprocessing = 0;
		};
/* End PBXResourcesBuildPhase section */

/* Begin PBXSourcesBuildPhase section */
		1822EB5419A192C800F85539 /* Sources */ = {
			isa = PBXSourcesBuildPhase;
			buildActionMask = 2147483647;
			files = (
				1822EB7219A192C800F85539 /* HMViewController.m in Sources */,
				1822EB6819A192C800F85539 /* main.m in Sources */,
				1822EB6C19A192C800F85539 /* HMAppDelegate.m in Sources */,
			);
			runOnlyForDeploymentPostprocessing = 0;
		};
		1822EB7519A192C800F85539 /* Sources */ = {
			isa = PBXSourcesBuildPhase;
			buildActionMask = 2147483647;
			files = (
				1822EB8719A192C800F85539 /* _3_____Tests.m in Sources */,
			);
			runOnlyForDeploymentPostprocessing = 0;
		};
/* End PBXSourcesBuildPhase section */

/* Begin PBXTargetDependency section */
		1822EB7F19A192C800F85539 /* PBXTargetDependency */ = {
			isa = PBXTargetDependency;
			target = 1822EB5719A192C800F85539 /* 03-查看大图 */;
			targetProxy = 1822EB7E19A192C800F85539 /* PBXContainerItemProxy */;
		};
/* End PBXTargetDependency section */

/* Begin PBXVariantGroup section */
		1822EB6419A192C800F85539 /* InfoPlist.strings */ = {
			isa = PBXVariantGroup;
			children = (
				1822EB6519A192C800F85539 /* en */,
			);
			name = InfoPlist.strings;
			sourceTree = "<group>";
		};
		1822EB6D19A192C800F85539 /* Main.storyboard */ = {
			isa = PBXVariantGroup;
			children = (
				1822EB6E19A192C800F85539 /* Base */,
			);
			name = Main.storyboard;
			sourceTree = "<group>";
		};
		1822EB8319A192C800F85539 /* InfoPlist.strings */ = {
			isa = PBXVariantGroup;
			children = (
				1822EB8419A192C800F85539 /* en */,
			);
			name = InfoPlist.strings;
			sourceTree = "<group>";
		};
/* End PBXVariantGroup section */

/* Begin XCBuildConfiguration section */
		1822EB8819A192C800F85539 /* Debug */ = {
			isa = XCBuildConfiguration;
			buildSettings = {
				ALWAYS_SEARCH_USER_PATHS = NO;
				CLANG_CXX_LANGUAGE_STANDARD = "gnu++0x";
				CLANG_CXX_LIBRARY = "libc++";
				CLANG_ENABLE_MODULES = YES;
				CLANG_ENABLE_OBJC_ARC = YES;
				CLANG_WARN_BOOL_CONVERSION = YES;
				CLANG_WARN_CONSTANT_CONVERSION = YES;
				CLANG_WARN_DIRECT_OBJC_ISA_USAGE = YES_ERROR;
				CLANG_WARN_EMPTY_BODY = YES;
				CLANG_WARN_ENUM_CONVERSION = YES;
				CLANG_WARN_INT_CONVERSION = YES;
				CLANG_WARN_OBJC_ROOT_CLASS = YES_ERROR;
				CLANG_WARN__DUPLICATE_METHOD_MATCH = YES;
				"CODE_SIGN_IDENTITY[sdk=iphoneos*]" = "iPhone Developer";
				COPY_PHASE_STRIP = NO;
				GCC_C_LANGUAGE_STANDARD = gnu99;
				GCC_DYNAMIC_NO_PIC = NO;
				GCC_OPTIMIZATION_LEVEL = 0;
				GCC_PREPROCESSOR_DEFINITIONS = (
					"DEBUG=1",
					"$(inherited)",
				);
				GCC_SYMBOLS_PRIVATE_EXTERN = NO;
				GCC_WARN_64_TO_32_BIT_CONVERSION = YES;
				GCC_WARN_ABOUT_RETURN_TYPE = YES_ERROR;
				GCC_WARN_UNDECLARED_SELECTOR = YES;
				GCC_WARN_UNINITIALIZED_AUTOS = YES_AGGRESSIVE;
				GCC_WARN_UNUSED_FUNCTION = YES;
				GCC_WARN_UNUSED_VARIABLE = YES;
				IPHONEOS_DEPLOYMENT_TARGET = 7.1;
				ONLY_ACTIVE_ARCH = YES;
				SDKROOT = iphoneos;
			};
			name = Debug;
		};
		1822EB8919A192C800F85539 /* Release */ = {
			isa = XCBuildConfiguration;
			buildSettings = {
				ALWAYS_SEARCH_USER_PATHS = NO;
				CLANG_CXX_LANGUAGE_STANDARD = "gnu++0x";
				CLANG_CXX_LIBRARY = "libc++";
				CLANG_ENABLE_MODULES = YES;
				CLANG_ENABLE_OBJC_ARC = YES;
				CLANG_WARN_BOOL_CONVERSION = YES;
				CLANG_WARN_CONSTANT_CONVERSION = YES;
				CLANG_WARN_DIRECT_OBJC_ISA_USAGE = YES_ERROR;
				CLANG_WARN_EMPTY_BODY = YES;
				CLANG_WARN_ENUM_CONVERSION = YES;
				CLANG_WARN_INT_CONVERSION = YES;
				CLANG_WARN_OBJC_ROOT_CLASS = YES_ERROR;
				CLANG_WARN__DUPLICATE_METHOD_MATCH = YES;
				"CODE_SIGN_IDENTITY[sdk=iphoneos*]" = "iPhone Developer";
				COPY_PHASE_STRIP = YES;
				ENABLE_NS_ASSERTIONS = NO;
				GCC_C_LANGUAGE_STANDARD = gnu99;
				GCC_WARN_64_TO_32_BIT_CONVERSION = YES;
				GCC_WARN_ABOUT_RETURN_TYPE = YES_ERROR;
				GCC_WARN_UNDECLARED_SELECTOR = YES;
				GCC_WARN_UNINITIALIZED_AUTOS = YES_AGGRESSIVE;
				GCC_WARN_UNUSED_FUNCTION = YES;
				GCC_WARN_UNUSED_VARIABLE = YES;
				IPHONEOS_DEPLOYMENT_TARGET = 7.1;
				SDKROOT = iphoneos;
				VALIDATE_PRODUCT = YES;
			};
			name = Release;
		};
		1822EB8B19A192C800F85539 /* Debug */ = {
			isa = XCBuildConfiguration;
			buildSettings = {
				ASSETCATALOG_COMPILER_APPICON_NAME = AppIcon;
				ASSETCATALOG_COMPILER_LAUNCHIMAGE_NAME = LaunchImage;
				FRAMEWORK_SEARCH_PATHS = (
					"$(inherited)",
					"$(PROJECT_DIR)",
				);
				GCC_PRECOMPILE_PREFIX_HEADER = YES;
				GCC_PREFIX_HEADER = "03-查看大图/03-查看大图-Prefix.pch";
				INFOPLIST_FILE = "03-查看大图/03-查看大图-Info.plist";
				OTHER_LDFLAGS = "-ObjC";
				PRODUCT_NAME = "$(TARGET_NAME)";
				WRAPPER_EXTENSION = app;
			};
			name = Debug;
		};
		1822EB8C19A192C800F85539 /* Release */ = {
			isa = XCBuildConfiguration;
			buildSettings = {
				ASSETCATALOG_COMPILER_APPICON_NAME = AppIcon;
				ASSETCATALOG_COMPILER_LAUNCHIMAGE_NAME = LaunchImage;
				FRAMEWORK_SEARCH_PATHS = (
					"$(inherited)",
					"$(PROJECT_DIR)",
				);
				GCC_PRECOMPILE_PREFIX_HEADER = YES;
				GCC_PREFIX_HEADER = "03-查看大图/03-查看大图-Prefix.pch";
				INFOPLIST_FILE = "03-查看大图/03-查看大图-Info.plist";
				OTHER_LDFLAGS = "-ObjC";
				PRODUCT_NAME = "$(TARGET_NAME)";
				WRAPPER_EXTENSION = app;
			};
			name = Release;
		};
		1822EB8E19A192C800F85539 /* Debug */ = {
			isa = XCBuildConfiguration;
			buildSettings = {
				BUNDLE_LOADER = "$(BUILT_PRODUCTS_DIR)/03-查看大图.app/03-查看大图";
				FRAMEWORK_SEARCH_PATHS = (
					"$(SDKROOT)/Developer/Library/Frameworks",
					"$(inherited)",
					"$(DEVELOPER_FRAMEWORKS_DIR)",
				);
				GCC_PRECOMPILE_PREFIX_HEADER = YES;
				GCC_PREFIX_HEADER = "03-查看大图/03-查看大图-Prefix.pch";
				GCC_PREPROCESSOR_DEFINITIONS = (
					"DEBUG=1",
					"$(inherited)",
				);
				INFOPLIST_FILE = "03-查看大图Tests/03-查看大图Tests-Info.plist";
				PRODUCT_NAME = "$(TARGET_NAME)";
				TEST_HOST = "$(BUNDLE_LOADER)";
				WRAPPER_EXTENSION = xctest;
			};
			name = Debug;
		};
		1822EB8F19A192C800F85539 /* Release */ = {
			isa = XCBuildConfiguration;
			buildSettings = {
				BUNDLE_LOADER = "$(BUILT_PRODUCTS_DIR)/03-查看大图.app/03-查看大图";
				FRAMEWORK_SEARCH_PATHS = (
					"$(SDKROOT)/Developer/Library/Frameworks",
					"$(inherited)",
					"$(DEVELOPER_FRAMEWORKS_DIR)",
				);
				GCC_PRECOMPILE_PREFIX_HEADER = YES;
				GCC_PREFIX_HEADER = "03-查看大图/03-查看大图-Prefix.pch";
				INFOPLIST_FILE = "03-查看大图Tests/03-查看大图Tests-Info.plist";
				PRODUCT_NAME = "$(TARGET_NAME)";
				TEST_HOST = "$(BUNDLE_LOADER)";
				WRAPPER_EXTENSION = xctest;
			};
			name = Release;
		};
/* End XCBuildConfiguration section */

/* Begin XCConfigurationList section */
		1822EB5319A192C800F85539 /* Build configuration list for PBXProject "03-查看大图" */ = {
			isa = XCConfigurationList;
			buildConfigurations = (
				1822EB8819A192C800F85539 /* Debug */,
				1822EB8919A192C800F85539 /* Release */,
			);
			defaultConfigurationIsVisible = 0;
			defaultConfigurationName = Release;
		};
		1822EB8A19A192C800F85539 /* Build configuration list for PBXNativeTarget "03-查看大图" */ = {
			isa = XCConfigurationList;
			buildConfigurations = (
				1822EB8B19A192C800F85539 /* Debug */,
				1822EB8C19A192C800F85539 /* Release */,
			);
			defaultConfigurationIsVisible = 0;
			defaultConfigurationName = Release;
		};
		1822EB8D19A192C800F85539 /* Build configuration list for PBXNativeTarget "03-查看大图Tests" */ = {
			isa = XCConfigurationList;
			buildConfigurations = (
				1822EB8E19A192C800F85539 /* Debug */,
				1822EB8F19A192C800F85539 /* Release */,
			);
			defaultConfigurationIsVisible = 0;
			defaultConfigurationName = Release;
		};
/* End XCConfigurationList section */
	};
	rootObject = 1822EB5019A192C800F85539 /* Project object */;
}
